
Microsoft Visual Studio Solution File, Format Version 12.00
# Visual Studio Version 17
VisualStudioVersion = 17.14.36414.22
MinimumVisualStudioVersion = 10.0.40219.1
Project("{FAE04EC0-301F-11D3-BF4B-00C04F79EFBC}") = "MicroCredit.Api", "MicroCredit.Api\MicroCredit.Api.csproj", "{C8B51D74-4E59-478C-A87F-BCBFE4D4EF9F}"
EndProject
Project("{FAE04EC0-301F-11D3-BF4B-00C04F79EFBC}") = "MicroCredit.Infrastructure", "MicroCredit.Infrastructure\MicroCredit.Infrastructure.csproj", "{C947242E-88CA-47F9-B994-0048ACEDF140}"
EndProject
Project("{FAE04EC0-301F-11D3-BF4B-00C04F79EFBC}") = "MicroCredit.Domain", "MicroCredit.Domain\MicroCredit.Domain.csproj", "{BACCB072-64A2-4E7A-9320-76FCDDA50335}"
EndProject
Project("{FAE04EC0-301F-11D3-BF4B-00C04F79EFBC}") = "MicroCredit.Application", "MicroCredit.Application\MicroCredit.Application.csproj", "{E36EC283-410B-4311-9257-63054B3C811B}"
EndProject
Global
	GlobalSection(SolutionConfigurationPlatforms) = preSolution
		Debug|Any CPU = Debug|Any CPU
		Release|Any CPU = Release|Any CPU
	EndGlobalSection
	GlobalSection(ProjectConfigurationPlatforms) = postSolution
		{C8B51D74-4E59-478C-A87F-BCBFE4D4EF9F}.Debug|Any CPU.ActiveCfg = Debug|Any CPU
		{C8B51D74-4E59-478C-A87F-BCBFE4D4EF9F}.Debug|Any CPU.Build.0 = Debug|Any CPU
		{C8B51D74-4E59-478C-A87F-BCBFE4D4EF9F}.Release|Any CPU.ActiveCfg = Release|Any CPU
		{C8B51D74-4E59-478C-A87F-BCBFE4D4EF9F}.Release|Any CPU.Build.0 = Release|Any CPU
		{C947242E-88CA-47F9-B994-0048ACEDF140}.Debug|Any CPU.ActiveCfg = Debug|Any CPU
		{C947242E-88CA-47F9-B994-0048ACEDF140}.Debug|Any CPU.Build.0 = Debug|Any CPU
		{C947242E-88CA-47F9-B994-0048ACEDF140}.Release|Any CPU.ActiveCfg = Release|Any CPU
		{C947242E-88CA-47F9-B994-0048ACEDF140}.Release|Any CPU.Build.0 = Release|Any CPU
		{BACCB072-64A2-4E7A-9320-76FCDDA50335}.Debug|Any CPU.ActiveCfg = Debug|Any CPU
		{BACCB072-64A2-4E7A-9320-76FCDDA50335}.Debug|Any CPU.Build.0 = Debug|Any CPU
		{BACCB072-64A2-4E7A-9320-76FCDDA50335}.Release|Any CPU.ActiveCfg = Release|Any CPU
		{BACCB072-64A2-4E7A-9320-76FCDDA50335}.Release|Any CPU.Build.0 = Release|Any CPU
		{E36EC283-410B-4311-9257-63054B3C811B}.Debug|Any CPU.ActiveCfg = Debug|Any CPU
		{E36EC283-410B-4311-9257-63054B3C811B}.Debug|Any CPU.Build.0 = Debug|Any CPU
		{E36EC283-410B-4311-9257-63054B3C811B}.Release|Any CPU.ActiveCfg = Release|Any CPU
		{E36EC283-410B-4311-9257-63054B3C811B}.Release|Any CPU.Build.0 = Release|Any CPU
	EndGlobalSection
	GlobalSection(SolutionProperties) = preSolution
		HideSolutionNode = FALSE
	EndGlobalSection
	GlobalSection(ExtensibilityGlobals) = postSolution
		SolutionGuid = {7D91E3BA-1470-438E-9185-552A12892DFC}
	EndGlobalSection
EndGlobal
